Microsoft Visual Studio Solution File, Format Version 11.00
# Visual Studio 2008

Project("{BB9048E8-63B6-5010-372E-F87276DA1A55}") = "Isometric 2", "Assembly-CSharp.csproj", "{5E90AF7F-0423-70D4-4577-09A1F0CCDE10}"
EndProject
Global
	GlobalSection(SolutionConfigurationPlatforms) = preSolution
		Debug|Any CPU = Debug|Any CPU
		Release|Any CPU = Release|Any CPU
	EndGlobalSection
	GlobalSection(ProjectConfigurationPlatforms) = postSolution
		{5E90AF7F-0423-70D4-4577-09A1F0CCDE10}.Debug|Any CPU.ActiveCfg = Debug|Any CPU
		{5E90AF7F-0423-70D4-4577-09A1F0CCDE10}.Debug|Any CPU.Build.0 = Debug|Any CPU
		{5E90AF7F-0423-70D4-4577-09A1F0CCDE10}.Release|Any CPU.ActiveCfg = Release|Any CPU
		{5E90AF7F-0423-70D4-4577-09A1F0CCDE10}.Release|Any CPU.Build.0 = Release|Any CPU
	EndGlobalSection
	GlobalSection(SolutionProperties) = preSolution
		HideSolutionNode = FALSE
	EndGlobalSection
	GlobalSection(MonoDevelopProperties) = preSolution
		StartupItem = Assembly-CSharp.csproj
	EndGlobalSection
EndGlobal
